
Microsoft Visual Studio Solution File, Format Version 12.00
# Visual Studio Version 16
VisualStudioVersion = 16.0.30225.117
MinimumVisualStudioVersion = 10.0.40219.1
Project("{FAE04EC0-301F-11D3-BF4B-00C04F79EFBC}") = "restClient", "restClient\restClient.csproj", "{4816C256-FCCD-4A6B-BEFE-2E6F91DE1B19}"
EndProject
Global
	GlobalSection(SolutionConfigurationPlatforms) = preSolution
		Debug|Any CPU = Debug|Any CPU
		Release|Any CPU = Release|Any CPU
	EndGlobalSection
	GlobalSection(ProjectConfigurationPlatforms) = postSolution
		{4816C256-FCCD-4A6B-BEFE-2E6F91DE1B19}.Debug|Any CPU.ActiveCfg = Debug|Any CPU
		{4816C256-FCCD-4A6B-BEFE-2E6F91DE1B19}.Debug|Any CPU.Build.0 = Debug|Any CPU
		{4816C256-FCCD-4A6B-BEFE-2E6F91DE1B19}.Release|Any CPU.ActiveCfg = Release|Any CPU
		{4816C256-FCCD-4A6B-BEFE-2E6F91DE1B19}.Release|Any CPU.Build.0 = Release|Any CPU
	EndGlobalSection
	GlobalSection(SolutionProperties) = preSolution
		HideSolutionNode = FALSE
	EndGlobalSection
	GlobalSection(ExtensibilityGlobals) = postSolution
		SolutionGuid = {EFEA51B4-A571-4D63-A8EE-5C2864FFAE49}
	EndGlobalSection
EndGlobal
